
Microsoft Visual Studio Solution File, Format Version 12.00
# Visual Studio Version 16
VisualStudioVersion = 16.0.30611.23
MinimumVisualStudioVersion = 10.0.40219.1
Project("{FAE04EC0-301F-11D3-BF4B-00C04F79EFBC}") = "AppMapas", "AppMapas\AppMapas.csproj", "{BA8D6144-6639-4513-8CD7-747D48612BDB}"
EndProject
Global
	GlobalSection(SolutionConfigurationPlatforms) = preSolution
		Debug|Any CPU = Debug|Any CPU
		Release|Any CPU = Release|Any CPU
	EndGlobalSection
	GlobalSection(ProjectConfigurationPlatforms) = postSolution
		{BA8D6144-6639-4513-8CD7-747D48612BDB}.Debug|Any CPU.ActiveCfg = Debug|Any CPU
		{BA8D6144-6639-4513-8CD7-747D48612BDB}.Debug|Any CPU.Build.0 = Debug|Any CPU
		{BA8D6144-6639-4513-8CD7-747D48612BDB}.Release|Any CPU.ActiveCfg = Release|Any CPU
		{BA8D6144-6639-4513-8CD7-747D48612BDB}.Release|Any CPU.Build.0 = Release|Any CPU
	EndGlobalSection
	GlobalSection(SolutionProperties) = preSolution
		HideSolutionNode = FALSE
	EndGlobalSection
	GlobalSection(ExtensibilityGlobals) = postSolution
		SolutionGuid = {77097C4B-E913-4E0C-BE85-2B20E86DF185}
	EndGlobalSection
EndGlobal
